
Microsoft Visual Studio Solution File, Format Version 12.00
Project("{FAE04EC0-301F-11D3-BF4B-00C04F79EFBC}") = "PaymentPointFinder.Web", "PaymentPointFinder.Web\PaymentPointFinder.Web.csproj", "{B0679BF3-C1ED-4739-9BA5-9FD8B33BE145}"
EndProject
Project("{2150E333-8FDC-42A3-9474-1A3956D46DE8}") = "Solution Items", "Solution Items", "{75401D09-A669-41ED-BA38-5A70921B81F7}"
	ProjectSection(SolutionItems) = preProject
		docker-compose.yml = docker-compose.yml
		README.md = README.md
	EndProjectSection
EndProject
Project("{FAE04EC0-301F-11D3-BF4B-00C04F79EFBC}") = "PaymentPointFinder.Core", "PaymentPointFinder.Core\PaymentPointFinder.Core.csproj", "{4A098917-8FA5-4880-9495-0F5DEF6B7FAD}"
EndProject
Global
	GlobalSection(SolutionConfigurationPlatforms) = preSolution
		Debug|Any CPU = Debug|Any CPU
		Release|Any CPU = Release|Any CPU
	EndGlobalSection
	GlobalSection(ProjectConfigurationPlatforms) = postSolution
		{B0679BF3-C1ED-4739-9BA5-9FD8B33BE145}.Debug|Any CPU.ActiveCfg = Debug|Any CPU
		{B0679BF3-C1ED-4739-9BA5-9FD8B33BE145}.Debug|Any CPU.Build.0 = Debug|Any CPU
		{B0679BF3-C1ED-4739-9BA5-9FD8B33BE145}.Release|Any CPU.ActiveCfg = Release|Any CPU
		{B0679BF3-C1ED-4739-9BA5-9FD8B33BE145}.Release|Any CPU.Build.0 = Release|Any CPU
		{4A098917-8FA5-4880-9495-0F5DEF6B7FAD}.Debug|Any CPU.ActiveCfg = Debug|Any CPU
		{4A098917-8FA5-4880-9495-0F5DEF6B7FAD}.Debug|Any CPU.Build.0 = Debug|Any CPU
		{4A098917-8FA5-4880-9495-0F5DEF6B7FAD}.Release|Any CPU.ActiveCfg = Release|Any CPU
		{4A098917-8FA5-4880-9495-0F5DEF6B7FAD}.Release|Any CPU.Build.0 = Release|Any CPU
	EndGlobalSection
EndGlobal
